
Microsoft Visual Studio Solution File, Format Version 12.00
# Visual Studio Version 16
VisualStudioVersion = 16.0.810.7
MinimumVisualStudioVersion = 10.0.40219.1
Project("{FAE04EC0-301F-11D3-BF4B-00C04F79EFBC}") = "LibClient", "LibClient\LibClient.csproj", "{BA6DE52E-9AE9-4D7B-B25F-AC7565F94A7E}"
EndProject
Project("{FAE04EC0-301F-11D3-BF4B-00C04F79EFBC}") = "LibServer", "LibServer\LibServer.csproj", "{80209ED3-DBB6-4E34-A444-EB1C74E5E5F1}"
EndProject
Project("{FAE04EC0-301F-11D3-BF4B-00C04F79EFBC}") = "BookHelper", "LibHelper\BookHelper.csproj", "{B0C23E87-5807-4FBB-AA5B-212F5C023A23}"
EndProject
Project("{2150E333-8FDC-42A3-9474-1A3956D46DE8}") = "Solution Items", "Solution Items", "{883DAC38-9AE2-47A9-955B-39F1CFBE4B37}"
	ProjectSection(SolutionItems) = preProject
		ClientServerConfig.json = ClientServerConfig.json
	EndProjectSection
EndProject
Project("{FAE04EC0-301F-11D3-BF4B-00C04F79EFBC}") = "UserHelper", "LibUserHelper\UserHelper.csproj", "{70735CD5-8A4B-4BC1-88E9-D83A5320C216}"
EndProject
Global
	GlobalSection(SolutionConfigurationPlatforms) = preSolution
		Debug|Any CPU = Debug|Any CPU
		Release|Any CPU = Release|Any CPU
	EndGlobalSection
	GlobalSection(ProjectConfigurationPlatforms) = postSolution
		{BA6DE52E-9AE9-4D7B-B25F-AC7565F94A7E}.Debug|Any CPU.ActiveCfg = Debug|Any CPU
		{BA6DE52E-9AE9-4D7B-B25F-AC7565F94A7E}.Debug|Any CPU.Build.0 = Debug|Any CPU
		{BA6DE52E-9AE9-4D7B-B25F-AC7565F94A7E}.Release|Any CPU.ActiveCfg = Release|Any CPU
		{BA6DE52E-9AE9-4D7B-B25F-AC7565F94A7E}.Release|Any CPU.Build.0 = Release|Any CPU
		{80209ED3-DBB6-4E34-A444-EB1C74E5E5F1}.Debug|Any CPU.ActiveCfg = Debug|Any CPU
		{80209ED3-DBB6-4E34-A444-EB1C74E5E5F1}.Debug|Any CPU.Build.0 = Debug|Any CPU
		{80209ED3-DBB6-4E34-A444-EB1C74E5E5F1}.Release|Any CPU.ActiveCfg = Release|Any CPU
		{80209ED3-DBB6-4E34-A444-EB1C74E5E5F1}.Release|Any CPU.Build.0 = Release|Any CPU
		{B0C23E87-5807-4FBB-AA5B-212F5C023A23}.Debug|Any CPU.ActiveCfg = Debug|Any CPU
		{B0C23E87-5807-4FBB-AA5B-212F5C023A23}.Debug|Any CPU.Build.0 = Debug|Any CPU
		{B0C23E87-5807-4FBB-AA5B-212F5C023A23}.Release|Any CPU.ActiveCfg = Release|Any CPU
		{B0C23E87-5807-4FBB-AA5B-212F5C023A23}.Release|Any CPU.Build.0 = Release|Any CPU
		{70735CD5-8A4B-4BC1-88E9-D83A5320C216}.Debug|Any CPU.ActiveCfg = Debug|Any CPU
		{70735CD5-8A4B-4BC1-88E9-D83A5320C216}.Debug|Any CPU.Build.0 = Debug|Any CPU
		{70735CD5-8A4B-4BC1-88E9-D83A5320C216}.Release|Any CPU.ActiveCfg = Release|Any CPU
		{70735CD5-8A4B-4BC1-88E9-D83A5320C216}.Release|Any CPU.Build.0 = Release|Any CPU
	EndGlobalSection
	GlobalSection(SolutionProperties) = preSolution
		HideSolutionNode = FALSE
	EndGlobalSection
	GlobalSection(ExtensibilityGlobals) = postSolution
		SolutionGuid = {A6212F6A-94B4-402E-ABDA-7E538AC6D3E5}
	EndGlobalSection
EndGlobal
