
Microsoft Visual Studio Solution File, Format Version 12.00
# Visual Studio 15
Project("{FAE04EC0-301F-11D3-BF4B-00C04F79EFBC}") = "MergeSort", "MergeSort\MergeSort.csproj", "{7B485568-4C3F-4E8A-95E5-D39D475DD181}"
EndProject
Project("{FAE04EC0-301F-11D3-BF4B-00C04F79EFBC}") = "SocketClient", "SocketClient\SocketClient.csproj", "{7463BA01-16EE-422A-BFE2-3B3AEAE48D17}"
EndProject
Project("{FAE04EC0-301F-11D3-BF4B-00C04F79EFBC}") = "SocketServer", "SocketServer\SocketServer.csproj", "{92D3E59B-0BE7-4692-944E-2D34B517E0F6}"
EndProject
Project("{FAE04EC0-301F-11D3-BF4B-00C04F79EFBC}") = "Processes", "Processes\Processes.csproj", "{248D9F56-F8FC-4FF7-A600-272C45A8FBC6}"
EndProject
Project("{FAE04EC0-301F-11D3-BF4B-00C04F79EFBC}") = "ProcessCreation", "ProcessCreation\ProcessCreation.csproj", "{A3F23F7A-199E-4822-8B7A-C9738AFF5D3E}"
EndProject
Project("{FAE04EC0-301F-11D3-BF4B-00C04F79EFBC}") = "IPCNamedClient", "IPCNamedClient\IPCNamedClient.csproj", "{4064AA27-24A7-48E0-AA2F-181D0E8CFCE8}"
EndProject
Project("{FAE04EC0-301F-11D3-BF4B-00C04F79EFBC}") = "IPCNamedServer", "IPCNamedServer\IPCNamedServer.csproj", "{FE81BA09-993B-4DCB-AF20-0E03AA421D29}"
EndProject
Project("{2150E333-8FDC-42A3-9474-1A3956D46DE8}") = "Solution Items", "Solution Items", "{5A9D0BC0-933B-4DA3-A991-1E1F07469243}"
	ProjectSection(SolutionItems) = preProject
		ClientServerConfig.json = ClientServerConfig.json
	EndProjectSection
EndProject
Project("{FAE04EC0-301F-11D3-BF4B-00C04F79EFBC}") = "Threads", "Threads\Threads.csproj", "{D1B65EEF-72B1-4960-AE2E-6242A8C37C12}"
EndProject
Project("{FAE04EC0-301F-11D3-BF4B-00C04F79EFBC}") = "PrimeNumbers", "PrimeNumbers\PrimeNumbers.csproj", "{697E3AA4-4B74-4C5E-8689-A4966C59C49A}"
EndProject
Project("{FAE04EC0-301F-11D3-BF4B-00C04F79EFBC}") = "Synchronization", "Synchronization\Synchronization.csproj", "{466C1B5D-B235-4363-BB42-27E6322B5B2C}"
EndProject
Project("{FAE04EC0-301F-11D3-BF4B-00C04F79EFBC}") = "ProducerConsumer", "ProducerConsumer\ProducerConsumer.csproj", "{D2BDB502-A915-42FC-8935-D71AFECC7394}"
EndProject
Project("{FAE04EC0-301F-11D3-BF4B-00C04F79EFBC}") = "Semaphore", "Semaphore\Semaphore.csproj", "{5F339DDF-97BA-4D92-AE69-052A6A462D2B}"
EndProject
Project("{FAE04EC0-301F-11D3-BF4B-00C04F79EFBC}") = "DiningPhilosophers", "DiningPhilosophers\DiningPhilosophers.csproj", "{44BE8E97-DDA7-4BA4-B4E7-06BD6292CF7A}"
EndProject
Project("{FAE04EC0-301F-11D3-BF4B-00C04F79EFBC}") = "ThreadVariables", "ThreadVariables\ThreadVariables.csproj", "{1C1D14D1-2E80-4B10-9C0C-33C8C0E48A28}"
EndProject
Project("{FAE04EC0-301F-11D3-BF4B-00C04F79EFBC}") = "Examples", "Examples\Examples.csproj", "{09D2E5EA-3B24-4F00-871F-D16AE8FC3A7D}"
EndProject
Project("{FAE04EC0-301F-11D3-BF4B-00C04F79EFBC}") = "Asynchronous", "Asynchronous\Asynchronous.csproj", "{CFF4C5D4-01AA-4394-940A-97F1C493D67D}"
EndProject
Project("{FAE04EC0-301F-11D3-BF4B-00C04F79EFBC}") = "CaseDistribution", "CaseDistribution\CaseDistribution.csproj", "{6604F39B-1D3E-4A18-A4FB-6196AB74B384}"
EndProject
Project("{FAE04EC0-301F-11D3-BF4B-00C04F79EFBC}") = "Assessment", "Assessment\Assessment.csproj", "{ABE82029-B706-431F-864E-A3952835278A}"
EndProject
Global
	GlobalSection(SolutionConfigurationPlatforms) = preSolution
		Debug|Any CPU = Debug|Any CPU
		Release|Any CPU = Release|Any CPU
	EndGlobalSection
	GlobalSection(ProjectConfigurationPlatforms) = postSolution
		{7B485568-4C3F-4E8A-95E5-D39D475DD181}.Debug|Any CPU.ActiveCfg = Debug|Any CPU
		{7B485568-4C3F-4E8A-95E5-D39D475DD181}.Debug|Any CPU.Build.0 = Debug|Any CPU
		{7B485568-4C3F-4E8A-95E5-D39D475DD181}.Release|Any CPU.ActiveCfg = Release|Any CPU
		{7B485568-4C3F-4E8A-95E5-D39D475DD181}.Release|Any CPU.Build.0 = Release|Any CPU
		{7463BA01-16EE-422A-BFE2-3B3AEAE48D17}.Debug|Any CPU.ActiveCfg = Debug|Any CPU
		{7463BA01-16EE-422A-BFE2-3B3AEAE48D17}.Debug|Any CPU.Build.0 = Debug|Any CPU
		{7463BA01-16EE-422A-BFE2-3B3AEAE48D17}.Release|Any CPU.ActiveCfg = Release|Any CPU
		{7463BA01-16EE-422A-BFE2-3B3AEAE48D17}.Release|Any CPU.Build.0 = Release|Any CPU
		{92D3E59B-0BE7-4692-944E-2D34B517E0F6}.Debug|Any CPU.ActiveCfg = Debug|Any CPU
		{92D3E59B-0BE7-4692-944E-2D34B517E0F6}.Debug|Any CPU.Build.0 = Debug|Any CPU
		{92D3E59B-0BE7-4692-944E-2D34B517E0F6}.Release|Any CPU.ActiveCfg = Release|Any CPU
		{92D3E59B-0BE7-4692-944E-2D34B517E0F6}.Release|Any CPU.Build.0 = Release|Any CPU
		{248D9F56-F8FC-4FF7-A600-272C45A8FBC6}.Debug|Any CPU.ActiveCfg = Debug|Any CPU
		{248D9F56-F8FC-4FF7-A600-272C45A8FBC6}.Debug|Any CPU.Build.0 = Debug|Any CPU
		{248D9F56-F8FC-4FF7-A600-272C45A8FBC6}.Release|Any CPU.ActiveCfg = Release|Any CPU
		{248D9F56-F8FC-4FF7-A600-272C45A8FBC6}.Release|Any CPU.Build.0 = Release|Any CPU
		{A3F23F7A-199E-4822-8B7A-C9738AFF5D3E}.Debug|Any CPU.ActiveCfg = Debug|Any CPU
		{A3F23F7A-199E-4822-8B7A-C9738AFF5D3E}.Debug|Any CPU.Build.0 = Debug|Any CPU
		{A3F23F7A-199E-4822-8B7A-C9738AFF5D3E}.Release|Any CPU.ActiveCfg = Release|Any CPU
		{A3F23F7A-199E-4822-8B7A-C9738AFF5D3E}.Release|Any CPU.Build.0 = Release|Any CPU
		{4064AA27-24A7-48E0-AA2F-181D0E8CFCE8}.Debug|Any CPU.ActiveCfg = Debug|Any CPU
		{4064AA27-24A7-48E0-AA2F-181D0E8CFCE8}.Debug|Any CPU.Build.0 = Debug|Any CPU
		{4064AA27-24A7-48E0-AA2F-181D0E8CFCE8}.Release|Any CPU.ActiveCfg = Release|Any CPU
		{4064AA27-24A7-48E0-AA2F-181D0E8CFCE8}.Release|Any CPU.Build.0 = Release|Any CPU
		{FE81BA09-993B-4DCB-AF20-0E03AA421D29}.Debug|Any CPU.ActiveCfg = Debug|Any CPU
		{FE81BA09-993B-4DCB-AF20-0E03AA421D29}.Debug|Any CPU.Build.0 = Debug|Any CPU
		{FE81BA09-993B-4DCB-AF20-0E03AA421D29}.Release|Any CPU.ActiveCfg = Release|Any CPU
		{FE81BA09-993B-4DCB-AF20-0E03AA421D29}.Release|Any CPU.Build.0 = Release|Any CPU
		{D1B65EEF-72B1-4960-AE2E-6242A8C37C12}.Debug|Any CPU.ActiveCfg = Debug|Any CPU
		{D1B65EEF-72B1-4960-AE2E-6242A8C37C12}.Debug|Any CPU.Build.0 = Debug|Any CPU
		{D1B65EEF-72B1-4960-AE2E-6242A8C37C12}.Release|Any CPU.ActiveCfg = Release|Any CPU
		{D1B65EEF-72B1-4960-AE2E-6242A8C37C12}.Release|Any CPU.Build.0 = Release|Any CPU
		{697E3AA4-4B74-4C5E-8689-A4966C59C49A}.Debug|Any CPU.ActiveCfg = Debug|Any CPU
		{697E3AA4-4B74-4C5E-8689-A4966C59C49A}.Debug|Any CPU.Build.0 = Debug|Any CPU
		{697E3AA4-4B74-4C5E-8689-A4966C59C49A}.Release|Any CPU.ActiveCfg = Release|Any CPU
		{697E3AA4-4B74-4C5E-8689-A4966C59C49A}.Release|Any CPU.Build.0 = Release|Any CPU
		{466C1B5D-B235-4363-BB42-27E6322B5B2C}.Debug|Any CPU.ActiveCfg = Debug|Any CPU
		{466C1B5D-B235-4363-BB42-27E6322B5B2C}.Debug|Any CPU.Build.0 = Debug|Any CPU
		{466C1B5D-B235-4363-BB42-27E6322B5B2C}.Release|Any CPU.ActiveCfg = Release|Any CPU
		{466C1B5D-B235-4363-BB42-27E6322B5B2C}.Release|Any CPU.Build.0 = Release|Any CPU
		{D2BDB502-A915-42FC-8935-D71AFECC7394}.Debug|Any CPU.ActiveCfg = Debug|Any CPU
		{D2BDB502-A915-42FC-8935-D71AFECC7394}.Debug|Any CPU.Build.0 = Debug|Any CPU
		{D2BDB502-A915-42FC-8935-D71AFECC7394}.Release|Any CPU.ActiveCfg = Release|Any CPU
		{D2BDB502-A915-42FC-8935-D71AFECC7394}.Release|Any CPU.Build.0 = Release|Any CPU
		{5F339DDF-97BA-4D92-AE69-052A6A462D2B}.Debug|Any CPU.ActiveCfg = Debug|Any CPU
		{5F339DDF-97BA-4D92-AE69-052A6A462D2B}.Debug|Any CPU.Build.0 = Debug|Any CPU
		{5F339DDF-97BA-4D92-AE69-052A6A462D2B}.Release|Any CPU.ActiveCfg = Release|Any CPU
		{5F339DDF-97BA-4D92-AE69-052A6A462D2B}.Release|Any CPU.Build.0 = Release|Any CPU
		{44BE8E97-DDA7-4BA4-B4E7-06BD6292CF7A}.Debug|Any CPU.ActiveCfg = Debug|Any CPU
		{44BE8E97-DDA7-4BA4-B4E7-06BD6292CF7A}.Debug|Any CPU.Build.0 = Debug|Any CPU
		{44BE8E97-DDA7-4BA4-B4E7-06BD6292CF7A}.Release|Any CPU.ActiveCfg = Release|Any CPU
		{44BE8E97-DDA7-4BA4-B4E7-06BD6292CF7A}.Release|Any CPU.Build.0 = Release|Any CPU
		{1C1D14D1-2E80-4B10-9C0C-33C8C0E48A28}.Debug|Any CPU.ActiveCfg = Debug|Any CPU
		{1C1D14D1-2E80-4B10-9C0C-33C8C0E48A28}.Debug|Any CPU.Build.0 = Debug|Any CPU
		{1C1D14D1-2E80-4B10-9C0C-33C8C0E48A28}.Release|Any CPU.ActiveCfg = Release|Any CPU
		{1C1D14D1-2E80-4B10-9C0C-33C8C0E48A28}.Release|Any CPU.Build.0 = Release|Any CPU
		{09D2E5EA-3B24-4F00-871F-D16AE8FC3A7D}.Debug|Any CPU.ActiveCfg = Debug|Any CPU
		{09D2E5EA-3B24-4F00-871F-D16AE8FC3A7D}.Debug|Any CPU.Build.0 = Debug|Any CPU
		{09D2E5EA-3B24-4F00-871F-D16AE8FC3A7D}.Release|Any CPU.ActiveCfg = Release|Any CPU
		{09D2E5EA-3B24-4F00-871F-D16AE8FC3A7D}.Release|Any CPU.Build.0 = Release|Any CPU
		{CFF4C5D4-01AA-4394-940A-97F1C493D67D}.Debug|Any CPU.ActiveCfg = Debug|Any CPU
		{CFF4C5D4-01AA-4394-940A-97F1C493D67D}.Debug|Any CPU.Build.0 = Debug|Any CPU
		{CFF4C5D4-01AA-4394-940A-97F1C493D67D}.Release|Any CPU.ActiveCfg = Release|Any CPU
		{CFF4C5D4-01AA-4394-940A-97F1C493D67D}.Release|Any CPU.Build.0 = Release|Any CPU
		{6604F39B-1D3E-4A18-A4FB-6196AB74B384}.Debug|Any CPU.ActiveCfg = Debug|Any CPU
		{6604F39B-1D3E-4A18-A4FB-6196AB74B384}.Debug|Any CPU.Build.0 = Debug|Any CPU
		{6604F39B-1D3E-4A18-A4FB-6196AB74B384}.Release|Any CPU.ActiveCfg = Release|Any CPU
		{6604F39B-1D3E-4A18-A4FB-6196AB74B384}.Release|Any CPU.Build.0 = Release|Any CPU
		{ABE82029-B706-431F-864E-A3952835278A}.Debug|Any CPU.ActiveCfg = Debug|Any CPU
		{ABE82029-B706-431F-864E-A3952835278A}.Debug|Any CPU.Build.0 = Debug|Any CPU
		{ABE82029-B706-431F-864E-A3952835278A}.Release|Any CPU.ActiveCfg = Release|Any CPU
		{ABE82029-B706-431F-864E-A3952835278A}.Release|Any CPU.Build.0 = Release|Any CPU
	EndGlobalSection
EndGlobal
