
Microsoft Visual Studio Solution File, Format Version 12.00
# Visual Studio Version 16
VisualStudioVersion = 16.0.810.9
MinimumVisualStudioVersion = 10.0.40219.1
Project("{FAE04EC0-301F-11D3-BF4B-00C04F79EFBC}") = "Client", "Client\Client.csproj", "{1D7EAE9B-A9C2-488E-99F4-7C33D9EFFE5C}"
EndProject
Project("{FAE04EC0-301F-11D3-BF4B-00C04F79EFBC}") = "Server", "Server\Server.csproj", "{FDF5BA6E-8C4E-48CD-961B-0509175977E3}"
EndProject
Global
	GlobalSection(SolutionConfigurationPlatforms) = preSolution
		Debug|Any CPU = Debug|Any CPU
		Release|Any CPU = Release|Any CPU
	EndGlobalSection
	GlobalSection(ProjectConfigurationPlatforms) = postSolution
		{1D7EAE9B-A9C2-488E-99F4-7C33D9EFFE5C}.Debug|Any CPU.ActiveCfg = Debug|Any CPU
		{1D7EAE9B-A9C2-488E-99F4-7C33D9EFFE5C}.Debug|Any CPU.Build.0 = Debug|Any CPU
		{1D7EAE9B-A9C2-488E-99F4-7C33D9EFFE5C}.Release|Any CPU.ActiveCfg = Release|Any CPU
		{1D7EAE9B-A9C2-488E-99F4-7C33D9EFFE5C}.Release|Any CPU.Build.0 = Release|Any CPU
		{FDF5BA6E-8C4E-48CD-961B-0509175977E3}.Debug|Any CPU.ActiveCfg = Debug|Any CPU
		{FDF5BA6E-8C4E-48CD-961B-0509175977E3}.Debug|Any CPU.Build.0 = Debug|Any CPU
		{FDF5BA6E-8C4E-48CD-961B-0509175977E3}.Release|Any CPU.ActiveCfg = Release|Any CPU
		{FDF5BA6E-8C4E-48CD-961B-0509175977E3}.Release|Any CPU.Build.0 = Release|Any CPU
	EndGlobalSection
	GlobalSection(SolutionProperties) = preSolution
		HideSolutionNode = FALSE
	EndGlobalSection
	GlobalSection(ExtensibilityGlobals) = postSolution
		SolutionGuid = {C0D849A0-6F44-4884-A47B-FFF3ED38E3D4}
	EndGlobalSection
EndGlobal
